
Microsoft Visual Studio Solution File, Format Version 12.00
# Visual Studio Version 17
VisualStudioVersion = 17.14.37111.16
MinimumVisualStudioVersion = 10.0.40219.1
Project("{FAE04EC0-301F-11D3-BF4B-00C04F79EFBC}") = "CookingRecipe", "CookingRecipe.csproj", "{D38A6A7E-7734-4A95-A57A-5A4277660DB8}"
EndProject
Project("{FAE04EC0-301F-11D3-BF4B-00C04F79EFBC}") = "CookingRecipe.Tests", "CookingRecipe.Tests\CookingRecipe.Tests.csproj", "{556134A6-59E0-4BCB-A465-7E8A963E11F1}"
EndProject
Global
	GlobalSection(SolutionConfigurationPlatforms) = preSolution
		Debug|Any CPU = Debug|Any CPU
		Debug|x64 = Debug|x64
		Debug|x86 = Debug|x86
		Release|Any CPU = Release|Any CPU
		Release|x64 = Release|x64
		Release|x86 = Release|x86
	EndGlobalSection
	GlobalSection(ProjectConfigurationPlatforms) = postSolution
		{D38A6A7E-7734-4A95-A57A-5A4277660DB8}.Debug|Any CPU.ActiveCfg = Debug|Any CPU
		{D38A6A7E-7734-4A95-A57A-5A4277660DB8}.Debug|Any CPU.Build.0 = Debug|Any CPU
		{D38A6A7E-7734-4A95-A57A-5A4277660DB8}.Debug|x64.ActiveCfg = Debug|Any CPU
		{D38A6A7E-7734-4A95-A57A-5A4277660DB8}.Debug|x64.Build.0 = Debug|Any CPU
		{D38A6A7E-7734-4A95-A57A-5A4277660DB8}.Debug|x86.ActiveCfg = Debug|Any CPU
		{D38A6A7E-7734-4A95-A57A-5A4277660DB8}.Debug|x86.Build.0 = Debug|Any CPU
		{D38A6A7E-7734-4A95-A57A-5A4277660DB8}.Release|Any CPU.ActiveCfg = Release|Any CPU
		{D38A6A7E-7734-4A95-A57A-5A4277660DB8}.Release|Any CPU.Build.0 = Release|Any CPU
		{D38A6A7E-7734-4A95-A57A-5A4277660DB8}.Release|x64.ActiveCfg = Release|Any CPU
		{D38A6A7E-7734-4A95-A57A-5A4277660DB8}.Release|x64.Build.0 = Release|Any CPU
		{D38A6A7E-7734-4A95-A57A-5A4277660DB8}.Release|x86.ActiveCfg = Release|Any CPU
		{D38A6A7E-7734-4A95-A57A-5A4277660DB8}.Release|x86.Build.0 = Release|Any CPU
		{556134A6-59E0-4BCB-A465-7E8A963E11F1}.Debug|Any CPU.ActiveCfg = Debug|Any CPU
		{556134A6-59E0-4BCB-A465-7E8A963E11F1}.Debug|Any CPU.Build.0 = Debug|Any CPU
		{556134A6-59E0-4BCB-A465-7E8A963E11F1}.Debug|x64.ActiveCfg = Debug|Any CPU
		{556134A6-59E0-4BCB-A465-7E8A963E11F1}.Debug|x64.Build.0 = Debug|Any CPU
		{556134A6-59E0-4BCB-A465-7E8A963E11F1}.Debug|x86.ActiveCfg = Debug|Any CPU
		{556134A6-59E0-4BCB-A465-7E8A963E11F1}.Debug|x86.Build.0 = Debug|Any CPU
		{556134A6-59E0-4BCB-A465-7E8A963E11F1}.Release|Any CPU.ActiveCfg = Release|Any CPU
		{556134A6-59E0-4BCB-A465-7E8A963E11F1}.Release|Any CPU.Build.0 = Release|Any CPU
		{556134A6-59E0-4BCB-A465-7E8A963E11F1}.Release|x64.ActiveCfg = Release|Any CPU
		{556134A6-59E0-4BCB-A465-7E8A963E11F1}.Release|x64.Build.0 = Release|Any CPU
		{556134A6-59E0-4BCB-A465-7E8A963E11F1}.Release|x86.ActiveCfg = Release|Any CPU
		{556134A6-59E0-4BCB-A465-7E8A963E11F1}.Release|x86.Build.0 = Release|Any CPU
	EndGlobalSection
	GlobalSection(SolutionProperties) = preSolution
		HideSolutionNode = FALSE
	EndGlobalSection
	GlobalSection(ExtensibilityGlobals) = postSolution
		SolutionGuid = {54F18600-144F-4CC7-8B1D-49BD8C4FD25D}
	EndGlobalSection
EndGlobal
